
Microsoft Visual Studio Solution File, Format Version 12.00
# Visual Studio Version 17
VisualStudioVersion = 17.4.33122.133
MinimumVisualStudioVersion = 10.0.40219.1
Project("{FAE04EC0-301F-11D3-BF4B-00C04F79EFBC}") = "gitapp", "gitapp\gitapp.csproj", "{4579E08B-7808-440E-9170-C7E085C08B21}"
EndProject
Global
	GlobalSection(SolutionConfigurationPlatforms) = preSolution
		Debug|Any CPU = Debug|Any CPU
		Release|Any CPU = Release|Any CPU
	EndGlobalSection
	GlobalSection(ProjectConfigurationPlatforms) = postSolution
		{4579E08B-7808-440E-9170-C7E085C08B21}.Debug|Any CPU.ActiveCfg = Debug|Any CPU
		{4579E08B-7808-440E-9170-C7E085C08B21}.Debug|Any CPU.Build.0 = Debug|Any CPU
		{4579E08B-7808-440E-9170-C7E085C08B21}.Release|Any CPU.ActiveCfg = Release|Any CPU
		{4579E08B-7808-440E-9170-C7E085C08B21}.Release|Any CPU.Build.0 = Release|Any CPU
	EndGlobalSection
	GlobalSection(SolutionProperties) = preSolution
		HideSolutionNode = FALSE
	EndGlobalSection
	GlobalSection(ExtensibilityGlobals) = postSolution
		SolutionGuid = {8931715B-8C37-4F50-85AC-E34719EE468C}
	EndGlobalSection
EndGlobal
